
Microsoft Visual Studio Solution File, Format Version 12.00
# Visual Studio Version 17
VisualStudioVersion = 17.0.32126.317
MinimumVisualStudioVersion = 10.0.40219.1
Project("{FAE04EC0-301F-11D3-BF4B-00C04F79EFBC}") = "CustomerTDD", "CustomerTDD\CustomerTDD.csproj", "{B630645C-7FF8-4DE2-AFD1-3F8DA84A5BD8}"
EndProject
Project("{FAE04EC0-301F-11D3-BF4B-00C04F79EFBC}") = "CustomerTDD.tests", "CustomerTDD.tests\CustomerTDD.tests.csproj", "{7A0A95E0-8A2F-462A-B91B-0C96F2935C82}"
EndProject
Global
	GlobalSection(SolutionConfigurationPlatforms) = preSolution
		Debug|Any CPU = Debug|Any CPU
		Release|Any CPU = Release|Any CPU
	EndGlobalSection
	GlobalSection(ProjectConfigurationPlatforms) = postSolution
		{B630645C-7FF8-4DE2-AFD1-3F8DA84A5BD8}.Debug|Any CPU.ActiveCfg = Debug|Any CPU
		{B630645C-7FF8-4DE2-AFD1-3F8DA84A5BD8}.Debug|Any CPU.Build.0 = Debug|Any CPU
		{B630645C-7FF8-4DE2-AFD1-3F8DA84A5BD8}.Release|Any CPU.ActiveCfg = Release|Any CPU
		{B630645C-7FF8-4DE2-AFD1-3F8DA84A5BD8}.Release|Any CPU.Build.0 = Release|Any CPU
		{7A0A95E0-8A2F-462A-B91B-0C96F2935C82}.Debug|Any CPU.ActiveCfg = Debug|Any CPU
		{7A0A95E0-8A2F-462A-B91B-0C96F2935C82}.Debug|Any CPU.Build.0 = Debug|Any CPU
		{7A0A95E0-8A2F-462A-B91B-0C96F2935C82}.Release|Any CPU.ActiveCfg = Release|Any CPU
		{7A0A95E0-8A2F-462A-B91B-0C96F2935C82}.Release|Any CPU.Build.0 = Release|Any CPU
	EndGlobalSection
	GlobalSection(SolutionProperties) = preSolution
		HideSolutionNode = FALSE
	EndGlobalSection
	GlobalSection(ExtensibilityGlobals) = postSolution
		SolutionGuid = {44C28D66-B20B-4015-9F4C-28EB6E6872DD}
	EndGlobalSection
EndGlobal
